<?xml version="1.0" encoding="utf-8"?>
<Project ToolsVersion="4.0" xmlns="http://schemas.microsoft.com/developer/msbuild/2003">
  <ItemGroup>
    <Filter Include="Файлы исходного кода">
      <UniqueIdentifier>{4FC737F1-C7A5-4376-A066-2A32D752A2FF}</UniqueIdentifier>
      <Extensions>cpp;c;cc;cxx;def;odl;idl;hpj;bat;asm;asmx</Extensions>
    </Filter>
    <Filter Include="Заголовочные файлы">
      <UniqueIdentifier>{93995380-89BD-4b04-88EB-625FBE52EBFB}</UniqueIdentifier>
      <Extensions>h;hpp;hxx;hm;inl;inc;xsd</Extensions>
    </Filter>
    <Filter Include="Файлы ресурсов">
      <UniqueIdentifier>{67DA6AB6-F800-4c08-8B7A-83BB121AAD01}</UniqueIdentifier>
      <Extensions>rc;ico;cur;bmp;dlg;rc2;rct;bin;rgs;gif;jpg;jpeg;jpe;resx;tiff;tif;png;wav;mfcribbon-ms</Extensions>
    </Filter>
    <Filter Include="Utils">
      <UniqueIdentifier>{07f91bab-c601-4984-8c6a-a3aedad21bf4}</UniqueIdentifier>
    </Filter>
    <Filter Include="Utils\MathKit">
      <UniqueIdentifier>{c6162100-0962-4c66-9095-5302bc738565}</UniqueIdentifier>
    </Filter>
    <Filter Include="Sys">
      <UniqueIdentifier>{2c415938-c133-4329-bd7b-65e323818888}</UniqueIdentifier>
    </Filter>
    <Filter Include="Sys\Windows">
      <UniqueIdentifier>{4f5dd0d0-7f9e-462d-99af-8fc37d97c866}</UniqueIdentifier>
    </Filter>
    <Filter Include="Game">
      <UniqueIdentifier>{b1c71f3e-c326-4285-81e5-4877ccdd7df2}</UniqueIdentifier>
    </Filter>
    <Filter Include="Game\Game">
      <UniqueIdentifier>{bf3b9345-8789-44af-bc24-7f7bf6de627f}</UniqueIdentifier>
    </Filter>
    <Filter Include="Game\Engine">
      <UniqueIdentifier>{cca9d21c-5eae-4da5-92cd-53f3b818079d}</UniqueIdentifier>
    </Filter>
    <Filter Include="Game\Engine\MAXContetnLoader">
      <UniqueIdentifier>{5704d44c-2654-4dfb-867f-18ada6a14391}</UniqueIdentifier>
    </Filter>
    <Filter Include="Game\Engine\MAXContetnLoader\MAXContentObjects">
      <UniqueIdentifier>{3b0de025-eac2-4208-b714-52feec61314c}</UniqueIdentifier>
    </Filter>
    <Filter Include="Game\Engine\ObjectComponents">
      <UniqueIdentifier>{e4183f97-f05f-485d-be40-936183cbdcac}</UniqueIdentifier>
    </Filter>
    <Filter Include="Game\Engine\ObjectComponents\Textures">
      <UniqueIdentifier>{d4dc020b-e87c-4ab7-a0cd-72a0d86e21cf}</UniqueIdentifier>
    </Filter>
    <Filter Include="Game\Engine\ObjectComponents\Materials">
      <UniqueIdentifier>{73a785ec-da25-460c-bd6f-08d6f80bb14a}</UniqueIdentifier>
    </Filter>
    <Filter Include="Game\Engine\ObjectComponents\Meshes">
      <UniqueIdentifier>{3474b74f-663e-40a4-a221-d095ce1376bb}</UniqueIdentifier>
    </Filter>
    <Filter Include="Game\Engine\Objects">
      <UniqueIdentifier>{c9ddbfc9-b430-4910-9a9a-9f1ea74afc32}</UniqueIdentifier>
    </Filter>
    <Filter Include="Game\Engine\Renderer">
      <UniqueIdentifier>{0bf39f95-14d4-4484-bad4-64aa5a583f6a}</UniqueIdentifier>
    </Filter>
    <Filter Include="Game\Engine\Renderer\Shader">
      <UniqueIdentifier>{e66f2a03-d456-404e-9d19-d88e244e18e5}</UniqueIdentifier>
    </Filter>
    <Filter Include="Utils\Network">
      <UniqueIdentifier>{34b80ed0-c916-4f92-bf7c-550ecb28853b}</UniqueIdentifier>
    </Filter>
    <Filter Include="Game\Game\Objects">
      <UniqueIdentifier>{b05e90fa-654b-4318-b027-47b2075b1cc4}</UniqueIdentifier>
    </Filter>
    <Filter Include="Game\Game\Objects\Effects">
      <UniqueIdentifier>{45fbad8e-0c1e-4054-a428-70670b3fefa1}</UniqueIdentifier>
    </Filter>
    <Filter Include="Game\Game\GameMatch">
      <UniqueIdentifier>{6f819b37-5b7c-4f65-ac7d-1c72953fb8e4}</UniqueIdentifier>
    </Filter>
    <Filter Include="Game\Game\GameMatch\PlayerInformation">
      <UniqueIdentifier>{7e875173-d113-44cc-873e-f166025b6adf}</UniqueIdentifier>
    </Filter>
    <Filter Include="Game\Engine\Scene">
      <UniqueIdentifier>{3486ee29-ce03-42c5-bf04-b500315bb3b9}</UniqueIdentifier>
    </Filter>
    <Filter Include="Game\Engine\Scene\SceneGraph">
      <UniqueIdentifier>{2f3cd2d0-a080-4f7c-89dc-5d783e77bc76}</UniqueIdentifier>
    </Filter>
    <Filter Include="Game\Engine\Animation">
      <UniqueIdentifier>{4fc6cfb0-6418-4a7d-9618-fc5475533c09}</UniqueIdentifier>
    </Filter>
    <Filter Include="Game\Game\Interface">
      <UniqueIdentifier>{4ff84b5a-89f7-4c2e-abd2-3e21c60d511f}</UniqueIdentifier>
    </Filter>
    <Filter Include="Utils\Threads">
      <UniqueIdentifier>{d66333d9-7167-4db4-9576-ab504e0e6cd5}</UniqueIdentifier>
    </Filter>
    <Filter Include="Game\Vendors">
      <UniqueIdentifier>{3e952e32-f4b7-4d44-af8c-019a55809e97}</UniqueIdentifier>
    </Filter>
    <Filter Include="Game\Vendors\CocosHelper">
      <UniqueIdentifier>{4fa78e4b-5df6-41f9-beef-256aa445739d}</UniqueIdentifier>
    </Filter>
    <Filter Include="Game\Game\Interface\UnitParameterNode">
      <UniqueIdentifier>{8d7b2ed1-7f8b-488b-bd31-3c94977a7387}</UniqueIdentifier>
    </Filter>
    <Filter Include="Game\Game\GameMatch\PathFinder">
      <UniqueIdentifier>{eb683773-1a72-4542-90e3-11f682cfcd09}</UniqueIdentifier>
    </Filter>
    <Filter Include="Game\Game\GameMatch\MatchInformation">
      <UniqueIdentifier>{b3c844ec-70d9-40b1-bcff-3b8b527ca817}</UniqueIdentifier>
    </Filter>
    <Filter Include="Game\Vendors\CocosDenshions">
      <UniqueIdentifier>{e0e42243-1495-4650-97c5-a743e8d270fa}</UniqueIdentifier>
    </Filter>
    <Filter Include="Game\Game\SoundEngine">
      <UniqueIdentifier>{7f369d3d-7df2-4912-899a-34c4fa964146}</UniqueIdentifier>
    </Filter>
    <Filter Include="Game\Game\Objects\Tasks">
      <UniqueIdentifier>{8b1d9455-44c1-4086-8293-d5ad1dbeb161}</UniqueIdentifier>
    </Filter>
    <Filter Include="Game\Game\Interface\Message">
      <UniqueIdentifier>{a58929c8-e723-4fd2-b0c9-86c0d30f6c02}</UniqueIdentifier>
    </Filter>
    <Filter Include="Game\Game\Interface\Windows">
      <UniqueIdentifier>{8912e85b-fe07-4714-8a3e-4cc91d8cfc38}</UniqueIdentifier>
    </Filter>
    <Filter Include="Game\Game\Interface\UnitSelectionMenu">
      <UniqueIdentifier>{8b2a8f0c-cc8a-45cf-bf90-ac80294afb65}</UniqueIdentifier>
    </Filter>
    <Filter Include="Game\Game\Interface\AgreedTarget">
      <UniqueIdentifier>{67404de6-896f-4b11-82e9-99ef3621d267}</UniqueIdentifier>
    </Filter>
    <Filter Include="Game\Game\Events">
      <UniqueIdentifier>{ee7cede0-98a0-4469-8bd6-2998da524c12}</UniqueIdentifier>
    </Filter>
    <Filter Include="Game\Game\MainMenu">
      <UniqueIdentifier>{66f7dadc-228e-4415-9f45-87bfc9915590}</UniqueIdentifier>
    </Filter>
    <Filter Include="Game\Game\Editor">
      <UniqueIdentifier>{4d467b56-cfaa-4fbb-bec8-5929995dcfb9}</UniqueIdentifier>
    </Filter>
  </ItemGroup>
  <ItemGroup>
    <ClCompile Include="..\..\MAX\Utils\BinaryReader.cpp">
      <Filter>Utils</Filter>
    </ClCompile>
    <ClCompile Include="..\..\MAX\Utils\IdGenerator.cpp">
      <Filter>Utils</Filter>
    </ClCompile>
    <ClCompile Include="..\..\MAX\Utils\Sys.c">
      <Filter>Utils</Filter>
    </ClCompile>
    <ClCompile Include="..\..\MAX\Sys\Display.cpp">
      <Filter>Sys</Filter>
    </ClCompile>
    <ClCompile Include="..\..\MAX\Sys\DisplayPinchDelegate.cpp">
      <Filter>Sys</Filter>
    </ClCompile>
    <ClCompile Include="..\..\MAX\Sys\FileManger.cpp">
      <Filter>Sys</Filter>
    </ClCompile>
    <ClCompile Include="Sys\Windows\windows_display.cpp">
      <Filter>Sys\Windows</Filter>
    </ClCompile>
    <ClCompile Include="Sys\Windows\windows_fileManager.cpp">
      <Filter>Sys\Windows</Filter>
    </ClCompile>
    <ClCompile Include="..\..\MAX\Game\Engine\MAXEngine.cpp">
      <Filter>Game\Engine</Filter>
    </ClCompile>
    <ClCompile Include="..\..\MAX\Game\Engine\MAXCamera.cpp">
      <Filter>Game\Engine</Filter>
    </ClCompile>
    <ClCompile Include="..\..\MAX\Game\Engine\MAXContetnLoader\MAXContentObjects\MAXContentMap.cpp">
      <Filter>Game\Engine\MAXContetnLoader\MAXContentObjects</Filter>
    </ClCompile>
    <ClCompile Include="..\..\MAX\Game\Engine\ObjectComponents\Material\Material.cpp">
      <Filter>Game\Engine\ObjectComponents\Materials</Filter>
    </ClCompile>
    <ClCompile Include="..\..\MAX\Game\Engine\ObjectComponents\Material\MAXMapMaterial.cpp">
      <Filter>Game\Engine\ObjectComponents\Materials</Filter>
    </ClCompile>
    <ClCompile Include="..\..\MAX\Game\Engine\ObjectComponents\Material\MAXUnitMaterial.cpp">
      <Filter>Game\Engine\ObjectComponents\Materials</Filter>
    </ClCompile>
    <ClCompile Include="..\..\MAX\Game\Engine\ObjectComponents\Material\TextureMaterial.cpp">
      <Filter>Game\Engine\ObjectComponents\Materials</Filter>
    </ClCompile>
    <ClCompile Include="..\..\MAX\Game\Engine\ObjectComponents\Meshes\EngineMesh.cpp">
      <Filter>Game\Engine\ObjectComponents\Meshes</Filter>
    </ClCompile>
    <ClCompile Include="..\..\MAX\Game\Engine\ObjectComponents\Textures\Texture.cpp">
      <Filter>Game\Engine\ObjectComponents\Textures</Filter>
    </ClCompile>
    <ClCompile Include="..\..\MAX\Game\Engine\Objects\MapRenderObject.cpp">
      <Filter>Game\Engine\Objects</Filter>
    </ClCompile>
    <ClCompile Include="..\..\MAX\Game\Engine\Objects\MAXUnitObject.cpp">
      <Filter>Game\Engine\Objects</Filter>
    </ClCompile>
    <ClCompile Include="..\..\MAX\Game\Engine\Objects\MAXUnitRenderObject.cpp">
      <Filter>Game\Engine\Objects</Filter>
    </ClCompile>
    <ClCompile Include="..\..\MAX\Game\Engine\Objects\PivotObject.cpp">
      <Filter>Game\Engine\Objects</Filter>
    </ClCompile>
    <ClCompile Include="..\..\MAX\Game\Engine\Objects\RenderObject.cpp">
      <Filter>Game\Engine\Objects</Filter>
    </ClCompile>
    <ClCompile Include="..\..\MAX\Game\Engine\Objects\UnAnimRenderObject.cpp">
      <Filter>Game\Engine\Objects</Filter>
    </ClCompile>
    <ClCompile Include="..\..\MAX\Game\Engine\Objects\LevelObject.cpp">
      <Filter>Game\Engine\Objects</Filter>
    </ClCompile>
    <ClCompile Include="..\..\MAX\Game\Engine\Renderer\MAXGrid.cpp">
      <Filter>Game\Engine\Renderer</Filter>
    </ClCompile>
    <ClCompile Include="..\..\MAX\Game\Engine\Renderer\RenderSystem.cpp">
      <Filter>Game\Engine\Renderer</Filter>
    </ClCompile>
    <ClCompile Include="..\..\MAX\Game\Engine\Renderer\Shader\Shader.cpp">
      <Filter>Game\Engine\Renderer\Shader</Filter>
    </ClCompile>
    <ClCompile Include="..\..\MAX\Game\Game\MAXGame.cpp">
      <Filter>Game\Game</Filter>
    </ClCompile>
    <ClCompile Include="..\..\MAX\Utils\Network\Request.cpp">
      <Filter>Utils\Network</Filter>
    </ClCompile>
    <ClCompile Include="..\..\MAX\Utils\Network\RequestManager.cpp">
      <Filter>Utils\Network</Filter>
    </ClCompile>
    <ClCompile Include="..\..\MAX\Utils\Network\Response.cpp">
      <Filter>Utils\Network</Filter>
    </ClCompile>
    <ClCompile Include="..\..\MAX\Game\Engine\Renderer\Framebuffer.cpp">
      <Filter>Game\Engine\Renderer</Filter>
    </ClCompile>
    <ClCompile Include="..\..\MAX\Game\Engine\Renderer\MAXDrawPrimitives.cpp">
      <Filter>Game\Engine\Renderer</Filter>
    </ClCompile>
    <ClCompile Include="..\..\MAX\Game\Engine\Renderer\MAXUnitSelection.cpp">
      <Filter>Game\Engine\Renderer</Filter>
    </ClCompile>
    <ClCompile Include="..\..\MAX\Game\Game\Objects\GameObject.cpp">
      <Filter>Game\Game\Objects</Filter>
    </ClCompile>
    <ClCompile Include="..\..\MAX\Game\Game\Objects\GameUnit.cpp">
      <Filter>Game\Game\Objects</Filter>
    </ClCompile>
    <ClCompile Include="..\..\MAX\Game\Game\Objects\GameUnitParameters.cpp">
      <Filter>Game\Game\Objects</Filter>
    </ClCompile>
    <ClCompile Include="..\..\MAX\Game\Game\GameMatch\GameMap.cpp">
      <Filter>Game\Game\GameMatch</Filter>
    </ClCompile>
    <ClCompile Include="..\..\MAX\Game\Game\GameMatch\GameMatch.cpp">
      <Filter>Game\Game\GameMatch</Filter>
    </ClCompile>
    <ClCompile Include="..\..\MAX\Game\Game\GameMatch\GameMatchPlayer.cpp">
      <Filter>Game\Game\GameMatch</Filter>
    </ClCompile>
    <ClCompile Include="..\..\MAX\Game\Game\GameMatch\PlayerInformation\PlayerBase.cpp">
      <Filter>Game\Game\GameMatch\PlayerInformation</Filter>
    </ClCompile>
    <ClCompile Include="..\..\MAX\Game\Game\GameMatch\PlayerInformation\PlayerResearchManager.cpp">
      <Filter>Game\Game\GameMatch\PlayerInformation</Filter>
    </ClCompile>
    <ClCompile Include="..\..\MAX\Game\Game\GameMatch\PlayerInformation\PlayerUpgradeManager.cpp">
      <Filter>Game\Game\GameMatch\PlayerInformation</Filter>
    </ClCompile>
    <ClCompile Include="..\..\MAX\Utils\StringUtils.cpp">
      <Filter>Utils</Filter>
    </ClCompile>
    <ClCompile Include="..\..\MAX\Game\Engine\Scene\SceneSystem.cpp">
      <Filter>Game\Engine\Scene</Filter>
    </ClCompile>
    <ClCompile Include="..\..\MAX\Game\Engine\Scene\SceneGraph\MAXSceneGraph.cpp">
      <Filter>Game\Engine\Scene\SceneGraph</Filter>
    </ClCompile>
    <ClCompile Include="..\..\MAX\Game\Engine\Scene\SceneGraph\MAXSceneGraphNode.cpp">
      <Filter>Game\Engine\Scene\SceneGraph</Filter>
    </ClCompile>
    <ClCompile Include="..\..\MAX\Game\Engine\MAXContetnLoader\MAXContentObjects\MAXClanConfig.cpp">
      <Filter>Game\Engine\MAXContetnLoader\MAXContentObjects</Filter>
    </ClCompile>
    <ClCompile Include="..\..\MAX\Game\Engine\MAXContetnLoader\MAXContentObjects\MAXConfigManager.cpp">
      <Filter>Game\Engine\MAXContetnLoader\MAXContentObjects</Filter>
    </ClCompile>
    <ClCompile Include="..\..\MAX\Game\Engine\Objects\MAXEffectObject.cpp">
      <Filter>Game\Engine\Objects</Filter>
    </ClCompile>
    <ClCompile Include="..\..\MAX\Game\Engine\Objects\MAXMapObject.cpp">
      <Filter>Game\Engine\Objects</Filter>
    </ClCompile>
    <ClCompile Include="..\..\MAX\Game\Engine\Objects\MAXObject.cpp">
      <Filter>Game\Engine\Objects</Filter>
    </ClCompile>
    <ClCompile Include="..\..\MAX\Game\Engine\Animation\MAXAnimationBase.cpp">
      <Filter>Game\Engine\Animation</Filter>
    </ClCompile>
    <ClCompile Include="..\..\MAX\Game\Engine\Animation\MAXAnimationManager.cpp">
      <Filter>Game\Engine\Animation</Filter>
    </ClCompile>
    <ClCompile Include="..\..\MAX\Game\Engine\Animation\MAXAnimationObjectUnit.cpp">
      <Filter>Game\Engine\Animation</Filter>
    </ClCompile>
    <ClCompile Include="..\..\MAX\Game\Engine\Animation\MAXAnimationRepeat.cpp">
      <Filter>Game\Engine\Animation</Filter>
    </ClCompile>
    <ClCompile Include="..\..\MAX\Game\Engine\Animation\MAXAnimationSequence.cpp">
      <Filter>Game\Engine\Animation</Filter>
    </ClCompile>
    <ClCompile Include="..\..\MAX\Game\Game\Interface\GameInteface.cpp">
      <Filter>Game\Game\Interface</Filter>
    </ClCompile>
    <ClCompile Include="..\..\MAX\Utils\Threads\Thread.cpp">
      <Filter>Utils\Threads</Filter>
    </ClCompile>
    <ClCompile Include="main.cpp">
      <Filter>Файлы исходного кода</Filter>
    </ClCompile>
    <ClCompile Include="..\..\MAX\Game\Vendors\CocosHelper\CocosHelper.cpp">
      <Filter>Game\Vendors\CocosHelper</Filter>
    </ClCompile>
    <ClCompile Include="..\..\MAX\Game\Game\Objects\Effects\GameEffect.cpp">
      <Filter>Game\Game\Objects\Effects</Filter>
    </ClCompile>
    <ClCompile Include="..\..\MAX\Game\Game\Interface\UnitParameterNode\GIUnitParametersNode.cpp">
      <Filter>Game\Game\Interface\UnitParameterNode</Filter>
    </ClCompile>
    <ClCompile Include="..\..\MAX\Game\Game\GameMatch\Pathfinder\PFWaveCell.cpp">
      <Filter>Game\Game\GameMatch\PathFinder</Filter>
    </ClCompile>
    <ClCompile Include="..\..\MAX\Game\Game\GameMatch\Pathfinder\Pathfinder.cpp">
      <Filter>Game\Game\GameMatch\PathFinder</Filter>
    </ClCompile>
    <ClCompile Include="..\..\MAX\Game\Game\GameMatch\Pathfinder\PFWave.cpp">
      <Filter>Game\Game\GameMatch\PathFinder</Filter>
    </ClCompile>
    <ClCompile Include="..\..\MAX\Game\Engine\MAXContetnLoader\MAXContentLoader.cpp">
      <Filter>Game\Engine\MAXContetnLoader</Filter>
    </ClCompile>
    <ClCompile Include="..\..\MAX\Game\Engine\MAXContetnLoader\MAXContentObjects\MAXObjectConfig.cpp">
      <Filter>Game\Engine\MAXContetnLoader\MAXContentObjects</Filter>
    </ClCompile>
    <ClCompile Include="..\..\MAX\Game\Engine\Renderer\MAXSolidTileRenderer.cpp">
      <Filter>Game\Engine\Renderer</Filter>
    </ClCompile>
    <ClCompile Include="..\..\MAX\Game\Engine\Renderer\MAXStatusRenderer.cpp">
      <Filter>Game\Engine\Renderer</Filter>
    </ClCompile>
    <ClCompile Include="..\..\MAX\Game\Engine\Renderer\MAXResourceMapRenderer.cpp">
      <Filter>Game\Engine\Renderer</Filter>
    </ClCompile>
    <ClCompile Include="..\..\MAX\Game\Engine\ObjectComponents\Meshes\EngineTiledDynamicMesh.cpp">
      <Filter>Game\Engine\ObjectComponents\Meshes</Filter>
    </ClCompile>
    <ClCompile Include="..\..\MAX\Game\Engine\ObjectComponents\Material\MAXREsourceMapMaterial.cpp">
      <Filter>Game\Engine\ObjectComponents\Materials</Filter>
    </ClCompile>
    <ClCompile Include="..\..\MAX\Game\Game\GameMatch\MatchMapAgregator.cpp">
      <Filter>Game\Game\GameMatch\MatchInformation</Filter>
    </ClCompile>
    <ClCompile Include="..\..\MAX\Game\Game\GameMatch\GameSettings.cpp">
      <Filter>Game\Game\GameMatch</Filter>
    </ClCompile>
    <ClCompile Include="..\..\MAX\Game\Game\GameMatch\GameMapResources.cpp">
      <Filter>Game\Game\GameMatch</Filter>
    </ClCompile>
    <ClCompile Include="..\..\MAX\Game\Game\GameMatch\PlayerInformation\PlayerResourceMap.cpp">
      <Filter>Game\Game\GameMatch\PlayerInformation</Filter>
    </ClCompile>
    <ClCompile Include="..\..\MAX\Game\Game\GameMatch\PlayerInformation\GameFog.cpp">
      <Filter>Game\Game\GameMatch\PlayerInformation</Filter>
    </ClCompile>
    <ClCompile Include="..\..\MAX\Game\Engine\Animation\MAXAnimationWait.cpp">
      <Filter>Game\Engine\Animation</Filter>
    </ClCompile>
    <ClCompile Include="..\..\MAX\Game\Engine\Animation\MAXAnimationObject.cpp">
      <Filter>Game\Engine\Animation</Filter>
    </ClCompile>
    <ClCompile Include="..\..\MAX\Game\Game\GameMatch\GamePathVisualizer.cpp">
      <Filter>Game\Game\GameMatch</Filter>
    </ClCompile>
    <ClCompile Include="..\..\MAX\Game\Engine\MAXContetnLoader\MAXContentUtils.cpp">
      <Filter>Game\Engine\MAXContetnLoader</Filter>
    </ClCompile>
    <ClCompile Include="..\..\MAX\Game\Game\Interface\UnitParameterNode\GIUnitParameterRow.cpp">
      <Filter>Game\Game\Interface\UnitParameterNode</Filter>
    </ClCompile>
    <ClCompile Include="..\..\MAX\Game\Game\Interface\GIUnitActionMenu.cpp">
      <Filter>Game\Game\Interface</Filter>
    </ClCompile>
    <ClCompile Include="..\..\MAX\Game\Vendors\cocos2d-2.0-x-2.0.4\CocosDenshion\win32\SimpleAudioEngine.cpp">
      <Filter>Game\Vendors\CocosDenshions</Filter>
    </ClCompile>
    <ClCompile Include="..\..\MAX\Game\Vendors\cocos2d-2.0-x-2.0.4\CocosDenshion\win32\MciPlayer.cpp">
      <Filter>Game\Vendors\CocosDenshions</Filter>
    </ClCompile>
    <ClCompile Include="..\..\MAX\Game\Game\SoundEngine\SoundEngine.cpp">
      <Filter>Game\Game\SoundEngine</Filter>
    </ClCompile>
    <ClCompile Include="..\..\MAX\Game\Game\Objects\GameUnitBaseParameters.cpp">
      <Filter>Game\Game\Objects</Filter>
    </ClCompile>
    <ClCompile Include="..\..\MAX\Game\Game\Objects\GameUnitData.cpp">
      <Filter>Game\Game\Objects</Filter>
    </ClCompile>
    <ClCompile Include="..\..\MAX\Game\Game\Objects\GUClearzoneTask.cpp">
      <Filter>Game\Game\Objects\Tasks</Filter>
    </ClCompile>
    <ClCompile Include="..\..\MAX\Game\Game\Objects\GUConstructBuildingTask.cpp">
      <Filter>Game\Game\Objects\Tasks</Filter>
    </ClCompile>
    <ClCompile Include="..\..\MAX\Game\Game\Objects\GUConstructUnitTask.cpp">
      <Filter>Game\Game\Objects\Tasks</Filter>
    </ClCompile>
    <ClCompile Include="..\..\MAX\Game\Game\Objects\GUTask.cpp">
      <Filter>Game\Game\Objects\Tasks</Filter>
    </ClCompile>
    <ClCompile Include="..\..\MAX\Game\Game\MAXGameController.cpp">
      <Filter>Game\Game</Filter>
    </ClCompile>
    <ClCompile Include="..\..\MAX\Game\Game\GameMatch\GameMatchPlayerData.cpp">
      <Filter>Game\Game\GameMatch</Filter>
    </ClCompile>
    <ClCompile Include="..\..\MAX\Game\Game\Interface\Windows\GIWindow.cpp">
      <Filter>Game\Game\Interface\Windows</Filter>
    </ClCompile>
    <ClCompile Include="..\..\MAX\Game\Game\Interface\Windows\GIWindowsManager.cpp">
      <Filter>Game\Game\Interface\Windows</Filter>
    </ClCompile>
    <ClCompile Include="..\..\MAX\Game\Game\Interface\UnitSelectionMenu\GIUnitSelectionMenu.cpp">
      <Filter>Game\Game\Interface\UnitSelectionMenu</Filter>
    </ClCompile>
    <ClCompile Include="..\..\MAX\Game\Game\Interface\AgreedTarget\GIAgreedTarget.cpp">
      <Filter>Game\Game\Interface\AgreedTarget</Filter>
    </ClCompile>
    <ClCompile Include="..\..\MAX\Game\Game\GameMatch\MatchFireAggregator.cpp">
      <Filter>Game\Game\GameMatch\MatchInformation</Filter>
    </ClCompile>
    <ClCompile Include="..\..\MAX\Game\Game\MAXGameInputController.cpp">
      <Filter>Game\Game</Filter>
    </ClCompile>
    <ClCompile Include="..\..\MAX\Game\Game\MainMenu\MainMenu.cpp">
      <Filter>Game\Game\MainMenu</Filter>
    </ClCompile>
    <ClCompile Include="..\..\MAX\Game\Game\MainMenu\MAXMainMenuController.cpp">
      <Filter>Game\Game\MainMenu</Filter>
    </ClCompile>
  </ItemGroup>
  <ItemGroup>
    <ClInclude Include="..\..\MAX\Utils\BinaryReader.h">
      <Filter>Utils</Filter>
    </ClInclude>
    <ClInclude Include="..\..\MAX\Utils\GlobalConstants.h">
      <Filter>Utils</Filter>
    </ClInclude>
    <ClInclude Include="..\..\MAX\Utils\IdGenerator.h">
      <Filter>Utils</Filter>
    </ClInclude>
    <ClInclude Include="..\..\MAX\Utils\Sys.h">
      <Filter>Utils</Filter>
    </ClInclude>
    <ClInclude Include="..\..\MAX\Utils\UContainer.h">
      <Filter>Utils</Filter>
    </ClInclude>
    <ClInclude Include="..\..\MAX\Utils\Utils.h">
      <Filter>Utils</Filter>
    </ClInclude>
    <ClInclude Include="..\..\MAX\Utils\MathKit\Geometry.h">
      <Filter>Utils\MathKit</Filter>
    </ClInclude>
    <ClInclude Include="..\..\MAX\Utils\MathKit\GLKMath.h">
      <Filter>Utils\MathKit</Filter>
    </ClInclude>
    <ClInclude Include="..\..\MAX\Utils\MathKit\GLKMathTypes.h">
      <Filter>Utils\MathKit</Filter>
    </ClInclude>
    <ClInclude Include="..\..\MAX\Utils\MathKit\GLKMathUtils.h">
      <Filter>Utils\MathKit</Filter>
    </ClInclude>
    <ClInclude Include="..\..\MAX\Utils\MathKit\GLKMatrix3.h">
      <Filter>Utils\MathKit</Filter>
    </ClInclude>
    <ClInclude Include="..\..\MAX\Utils\MathKit\GLKMatrix4.h">
      <Filter>Utils\MathKit</Filter>
    </ClInclude>
    <ClInclude Include="..\..\MAX\Utils\MathKit\GLKMatrixStack.h">
      <Filter>Utils\MathKit</Filter>
    </ClInclude>
    <ClInclude Include="..\..\MAX\Utils\MathKit\GLKQuaternion.h">
      <Filter>Utils\MathKit</Filter>
    </ClInclude>
    <ClInclude Include="..\..\MAX\Utils\MathKit\GLKVector2.h">
      <Filter>Utils\MathKit</Filter>
    </ClInclude>
    <ClInclude Include="..\..\MAX\Utils\MathKit\GLKVector3.h">
      <Filter>Utils\MathKit</Filter>
    </ClInclude>
    <ClInclude Include="..\..\MAX\Utils\MathKit\GLKVector4.h">
      <Filter>Utils\MathKit</Filter>
    </ClInclude>
    <ClInclude Include="..\..\MAX\Utils\MathKit\Matrix.h">
      <Filter>Utils\MathKit</Filter>
    </ClInclude>
    <ClInclude Include="..\..\MAX\Utils\MathKit\MyMath.h">
      <Filter>Utils\MathKit</Filter>
    </ClInclude>
    <ClInclude Include="glext.h">
      <Filter>Заголовочные файлы</Filter>
    </ClInclude>
    <ClInclude Include="glew.h">
      <Filter>Заголовочные файлы</Filter>
    </ClInclude>
    <ClInclude Include="stdbool.h">
      <Filter>Заголовочные файлы</Filter>
    </ClInclude>
    <ClInclude Include="header.h">
      <Filter>Заголовочные файлы</Filter>
    </ClInclude>
    <ClInclude Include="..\..\MAX\Sys\FileManger.h">
      <Filter>Sys</Filter>
    </ClInclude>
    <ClInclude Include="..\..\MAX\Sys\Display.h">
      <Filter>Sys</Filter>
    </ClInclude>
    <ClInclude Include="..\..\MAX\Sys\DisplayPinchDelegate.h">
      <Filter>Sys</Filter>
    </ClInclude>
    <ClInclude Include="Sys\Windows\windows_display.h">
      <Filter>Sys\Windows</Filter>
    </ClInclude>
    <ClInclude Include="Sys\Windows\windows_fileManager.h">
      <Filter>Sys\Windows</Filter>
    </ClInclude>
    <ClInclude Include="..\..\MAX\Game\Engine\MAXCamera.h">
      <Filter>Game\Engine</Filter>
    </ClInclude>
    <ClInclude Include="..\..\MAX\Game\Engine\MAXEngine.h">
      <Filter>Game\Engine</Filter>
    </ClInclude>
    <ClInclude Include="..\..\MAX\Game\Engine\MAXContetnLoader\MAXContentObjects\MAXContentMap.h">
      <Filter>Game\Engine\MAXContetnLoader\MAXContentObjects</Filter>
    </ClInclude>
    <ClInclude Include="..\..\MAX\Game\Engine\MAXContetnLoader\MAXContetnConstants.h">
      <Filter>Game\Engine\MAXContetnLoader</Filter>
    </ClInclude>
    <ClInclude Include="..\..\MAX\Game\Engine\ObjectComponents\Material\Material.h">
      <Filter>Game\Engine\ObjectComponents\Materials</Filter>
    </ClInclude>
    <ClInclude Include="..\..\MAX\Game\Engine\ObjectComponents\Material\MAXMapMaterial.h">
      <Filter>Game\Engine\ObjectComponents\Materials</Filter>
    </ClInclude>
    <ClInclude Include="..\..\MAX\Game\Engine\ObjectComponents\Material\MAXUnitMaterial.h">
      <Filter>Game\Engine\ObjectComponents\Materials</Filter>
    </ClInclude>
    <ClInclude Include="..\..\MAX\Game\Engine\ObjectComponents\Material\TextureMaterial.h">
      <Filter>Game\Engine\ObjectComponents\Materials</Filter>
    </ClInclude>
    <ClInclude Include="..\..\MAX\Game\Engine\ObjectComponents\Meshes\EngineMesh.h">
      <Filter>Game\Engine\ObjectComponents\Meshes</Filter>
    </ClInclude>
    <ClInclude Include="..\..\MAX\Game\Engine\ObjectComponents\Textures\Texture.h">
      <Filter>Game\Engine\ObjectComponents\Textures</Filter>
    </ClInclude>
    <ClInclude Include="..\..\MAX\Game\Engine\Objects\MapRenderObject.h">
      <Filter>Game\Engine\Objects</Filter>
    </ClInclude>
    <ClInclude Include="..\..\MAX\Game\Engine\Objects\MAXUnitObject.h">
      <Filter>Game\Engine\Objects</Filter>
    </ClInclude>
    <ClInclude Include="..\..\MAX\Game\Engine\Objects\MAXUnitRenderObject.h">
      <Filter>Game\Engine\Objects</Filter>
    </ClInclude>
    <ClInclude Include="..\..\MAX\Game\Engine\Objects\PivotObject.h">
      <Filter>Game\Engine\Objects</Filter>
    </ClInclude>
    <ClInclude Include="..\..\MAX\Game\Engine\Objects\RenderObject.h">
      <Filter>Game\Engine\Objects</Filter>
    </ClInclude>
    <ClInclude Include="..\..\MAX\Game\Engine\Objects\UnAnimRenderObject.h">
      <Filter>Game\Engine\Objects</Filter>
    </ClInclude>
    <ClInclude Include="..\..\MAX\Game\Engine\Objects\LevelObject.h">
      <Filter>Game\Engine\Objects</Filter>
    </ClInclude>
    <ClInclude Include="..\..\MAX\Game\Engine\Renderer\MAXGrid.h">
      <Filter>Game\Engine\Renderer</Filter>
    </ClInclude>
    <ClInclude Include="..\..\MAX\Game\Engine\Renderer\RenderSystem.h">
      <Filter>Game\Engine\Renderer</Filter>
    </ClInclude>
    <ClInclude Include="..\..\MAX\Game\Engine\Renderer\Shader\Shader.h">
      <Filter>Game\Engine\Renderer\Shader</Filter>
    </ClInclude>
    <ClInclude Include="..\..\MAX\Game\Game\MAXGame.h">
      <Filter>Game\Game</Filter>
    </ClInclude>
    <ClInclude Include="..\..\MAX\Utils\Network\Request.h">
      <Filter>Utils\Network</Filter>
    </ClInclude>
    <ClInclude Include="..\..\MAX\Utils\Network\RequestDelegate.h">
      <Filter>Utils\Network</Filter>
    </ClInclude>
    <ClInclude Include="..\..\MAX\Utils\Network\RequestManager.h">
      <Filter>Utils\Network</Filter>
    </ClInclude>
    <ClInclude Include="..\..\MAX\Utils\Network\Response.h">
      <Filter>Utils\Network</Filter>
    </ClInclude>
    <ClInclude Include="..\..\MAX\Game\Engine\Renderer\Framebuffer.h">
      <Filter>Game\Engine\Renderer</Filter>
    </ClInclude>
    <ClInclude Include="..\..\MAX\Game\Engine\Renderer\MAXDrawPrimitives.h">
      <Filter>Game\Engine\Renderer</Filter>
    </ClInclude>
    <ClInclude Include="..\..\MAX\Game\Engine\Renderer\MAXUnitSelection.h">
      <Filter>Game\Engine\Renderer</Filter>
    </ClInclude>
    <ClInclude Include="..\..\MAX\Game\Game\Objects\GameObject.h">
      <Filter>Game\Game\Objects</Filter>
    </ClInclude>
    <ClInclude Include="..\..\MAX\Game\Game\Objects\GameUnit.h">
      <Filter>Game\Game\Objects</Filter>
    </ClInclude>
    <ClInclude Include="..\..\MAX\Game\Game\Objects\GameUnitParameters.h">
      <Filter>Game\Game\Objects</Filter>
    </ClInclude>
    <ClInclude Include="..\..\MAX\Game\Game\GameMatch\GameMap.h">
      <Filter>Game\Game\GameMatch</Filter>
    </ClInclude>
    <ClInclude Include="..\..\MAX\Game\Game\GameMatch\GameMatch.h">
      <Filter>Game\Game\GameMatch</Filter>
    </ClInclude>
    <ClInclude Include="..\..\MAX\Game\Game\GameMatch\GameMatchPlayer.h">
      <Filter>Game\Game\GameMatch</Filter>
    </ClInclude>
    <ClInclude Include="..\..\MAX\Game\Game\GameMatch\PlayerInformation\PlayerBase.h">
      <Filter>Game\Game\GameMatch\PlayerInformation</Filter>
    </ClInclude>
    <ClInclude Include="..\..\MAX\Game\Game\GameMatch\PlayerInformation\PlayerResearchManager.h">
      <Filter>Game\Game\GameMatch\PlayerInformation</Filter>
    </ClInclude>
    <ClInclude Include="..\..\MAX\Game\Game\GameMatch\PlayerInformation\PlayerUpgradeManager.h">
      <Filter>Game\Game\GameMatch\PlayerInformation</Filter>
    </ClInclude>
    <ClInclude Include="..\..\MAX\Utils\clist.h">
      <Filter>Utils</Filter>
    </ClInclude>
    <ClInclude Include="..\..\MAX\Utils\StringUtils.h">
      <Filter>Utils</Filter>
    </ClInclude>
    <ClInclude Include="..\..\MAX\Utils\t_2.h">
      <Filter>Utils</Filter>
    </ClInclude>
    <ClInclude Include="..\..\MAX\Utils\USimpleContainer.h">
      <Filter>Utils</Filter>
    </ClInclude>
    <ClInclude Include="..\..\MAX\Game\Engine\Scene\SceneSystem.h">
      <Filter>Game\Engine\Scene</Filter>
    </ClInclude>
    <ClInclude Include="..\..\MAX\Game\Engine\Scene\SceneGraph\MAXSceneGraph.h">
      <Filter>Game\Engine\Scene\SceneGraph</Filter>
    </ClInclude>
    <ClInclude Include="..\..\MAX\Game\Engine\Scene\SceneGraph\MAXSceneGraphNode.h">
      <Filter>Game\Engine\Scene\SceneGraph</Filter>
    </ClInclude>
    <ClInclude Include="..\..\MAX\Game\Engine\MAXContetnLoader\MAXContentObjects\MAXClanConfig.h">
      <Filter>Game\Engine\MAXContetnLoader\MAXContentObjects</Filter>
    </ClInclude>
    <ClInclude Include="..\..\MAX\Game\Engine\MAXContetnLoader\MAXContentObjects\MAXConfigManager.h">
      <Filter>Game\Engine\MAXContetnLoader\MAXContentObjects</Filter>
    </ClInclude>
    <ClInclude Include="..\..\MAX\Game\Engine\Objects\MAXEffectObject.h">
      <Filter>Game\Engine\Objects</Filter>
    </ClInclude>
    <ClInclude Include="..\..\MAX\Game\Engine\Objects\MAXMapObject.h">
      <Filter>Game\Engine\Objects</Filter>
    </ClInclude>
    <ClInclude Include="..\..\MAX\Game\Engine\Objects\MAXObject.h">
      <Filter>Game\Engine\Objects</Filter>
    </ClInclude>
    <ClInclude Include="..\..\MAX\Game\Engine\Animation\MAXAnimationBase.h">
      <Filter>Game\Engine\Animation</Filter>
    </ClInclude>
    <ClInclude Include="..\..\MAX\Game\Engine\Animation\MAXAnimationDelegate.h">
      <Filter>Game\Engine\Animation</Filter>
    </ClInclude>
    <ClInclude Include="..\..\MAX\Game\Engine\Animation\MAXAnimationManager.h">
      <Filter>Game\Engine\Animation</Filter>
    </ClInclude>
    <ClInclude Include="..\..\MAX\Game\Engine\Animation\MAXAnimationObjectUnit.h">
      <Filter>Game\Engine\Animation</Filter>
    </ClInclude>
    <ClInclude Include="..\..\MAX\Game\Engine\Animation\MAXAnimationPrefix.h">
      <Filter>Game\Engine\Animation</Filter>
    </ClInclude>
    <ClInclude Include="..\..\MAX\Game\Engine\Animation\MAXAnimationRepeat.h">
      <Filter>Game\Engine\Animation</Filter>
    </ClInclude>
    <ClInclude Include="..\..\MAX\Game\Engine\Animation\MAXAnimationSequence.h">
      <Filter>Game\Engine\Animation</Filter>
    </ClInclude>
    <ClInclude Include="..\..\MAX\Game\Game\Interface\GameInteface.h">
      <Filter>Game\Game\Interface</Filter>
    </ClInclude>
    <ClInclude Include="..\..\MAX\Utils\Threads\Thread.h">
      <Filter>Utils\Threads</Filter>
    </ClInclude>
    <ClInclude Include="..\..\MAX\Game\Vendors\CocosHelper\CocosHelper.h">
      <Filter>Game\Vendors\CocosHelper</Filter>
    </ClInclude>
    <ClInclude Include="..\..\MAX\Game\Game\Objects\Effects\GameEffect.h">
      <Filter>Game\Game\Objects\Effects</Filter>
    </ClInclude>
    <ClInclude Include="..\..\MAX\Game\Game\Interface\UnitParameterNode\GIUnitParametersNode.h">
      <Filter>Game\Game\Interface\UnitParameterNode</Filter>
    </ClInclude>
    <ClInclude Include="..\..\MAX\Game\Game\GameMatch\Pathfinder\PFWave.h">
      <Filter>Game\Game\GameMatch\PathFinder</Filter>
    </ClInclude>
    <ClInclude Include="..\..\MAX\Game\Game\GameMatch\Pathfinder\PFWaveCell.h">
      <Filter>Game\Game\GameMatch\PathFinder</Filter>
    </ClInclude>
    <ClInclude Include="..\..\MAX\Game\Game\GameMatch\Pathfinder\Pathfinder.h">
      <Filter>Game\Game\GameMatch\PathFinder</Filter>
    </ClInclude>
    <ClInclude Include="..\..\MAX\Game\Engine\MAXContetnLoader\MAXContentLoader.h">
      <Filter>Game\Engine\MAXContetnLoader</Filter>
    </ClInclude>
    <ClInclude Include="..\..\MAX\Game\Engine\MAXContetnLoader\MAXContentObjects\MAXObjectConfig.h">
      <Filter>Game\Engine\MAXContetnLoader\MAXContentObjects</Filter>
    </ClInclude>
    <ClInclude Include="..\..\MAX\Game\Engine\Renderer\MAXResourceMapRenderer.h">
      <Filter>Game\Engine\Renderer</Filter>
    </ClInclude>
    <ClInclude Include="..\..\MAX\Game\Engine\Renderer\MAXSolidTileRenderer.h">
      <Filter>Game\Engine\Renderer</Filter>
    </ClInclude>
    <ClInclude Include="..\..\MAX\Game\Engine\Renderer\MAXStatusRenderer.h">
      <Filter>Game\Engine\Renderer</Filter>
    </ClInclude>
    <ClInclude Include="..\..\MAX\Game\Engine\ObjectComponents\Meshes\EngineTiledDynamicMesh.h">
      <Filter>Game\Engine\ObjectComponents\Meshes</Filter>
    </ClInclude>
    <ClInclude Include="..\..\MAX\Game\Engine\ObjectComponents\Meshes\EngineTiledDynamicMeshDelegate.h">
      <Filter>Game\Engine\ObjectComponents\Meshes</Filter>
    </ClInclude>
    <ClInclude Include="..\..\MAX\Game\Engine\ObjectComponents\Material\MAXREsourceMapMaterial.h">
      <Filter>Game\Engine\ObjectComponents\Materials</Filter>
    </ClInclude>
    <ClInclude Include="..\..\MAX\Game\Game\GameMatch\MatchMapAgregator.h">
      <Filter>Game\Game\GameMatch\MatchInformation</Filter>
    </ClInclude>
    <ClInclude Include="..\..\MAX\Game\Game\GameMatch\GameSettings.h">
      <Filter>Game\Game\GameMatch</Filter>
    </ClInclude>
    <ClInclude Include="..\..\MAX\Game\Game\GameMatch\GameMapResources.h">
      <Filter>Game\Game\GameMatch</Filter>
    </ClInclude>
    <ClInclude Include="..\..\MAX\Game\Game\GameMatch\PlayerInformation\GameFog.h">
      <Filter>Game\Game\GameMatch\PlayerInformation</Filter>
    </ClInclude>
    <ClInclude Include="..\..\MAX\Game\Game\GameMatch\PlayerInformation\GameFogDelegate.h">
      <Filter>Game\Game\GameMatch\PlayerInformation</Filter>
    </ClInclude>
    <ClInclude Include="..\..\MAX\Game\Game\GameMatch\PlayerInformation\PlayerResourceMap.h">
      <Filter>Game\Game\GameMatch\PlayerInformation</Filter>
    </ClInclude>
    <ClInclude Include="..\..\MAX\Game\Engine\Animation\MAXAnimationWait.h">
      <Filter>Game\Engine\Animation</Filter>
    </ClInclude>
    <ClInclude Include="..\..\MAX\Game\Engine\Animation\MAXAnimationObject.h">
      <Filter>Game\Engine\Animation</Filter>
    </ClInclude>
    <ClInclude Include="..\..\MAX\Game\Game\GameMatch\GamePathVisualizer.h">
      <Filter>Game\Game\GameMatch</Filter>
    </ClInclude>
    <ClInclude Include="..\..\MAX\Game\Engine\MAXContetnLoader\MAXContentUtils.h">
      <Filter>Game\Engine\MAXContetnLoader</Filter>
    </ClInclude>
    <ClInclude Include="..\..\MAX\Game\Game\Interface\UnitParameterNode\GIUnitParameterRow.h">
      <Filter>Game\Game\Interface\UnitParameterNode</Filter>
    </ClInclude>
    <ClInclude Include="..\..\MAX\Game\Game\Interface\GIUnitActionMenu.h">
      <Filter>Game\Game\Interface</Filter>
    </ClInclude>
    <ClInclude Include="..\..\MAX\Game\Game\Interface\GIUnitActionMenuDelegate.h">
      <Filter>Game\Game\Interface</Filter>
    </ClInclude>
    <ClInclude Include="..\..\MAX\Game\Vendors\cocos2d-2.0-x-2.0.4\CocosDenshion\win32\MciPlayer.h">
      <Filter>Game\Vendors\CocosDenshions</Filter>
    </ClInclude>
    <ClInclude Include="..\..\MAX\Game\Vendors\cocos2d-2.0-x-2.0.4\CocosDenshion\include\SimpleAudioEngine.h">
      <Filter>Game\Vendors\CocosDenshions</Filter>
    </ClInclude>
    <ClInclude Include="..\..\MAX\Game\Game\SoundEngine\SoundEngineDelegate.h">
      <Filter>Game\Game\SoundEngine</Filter>
    </ClInclude>
    <ClInclude Include="..\..\MAX\Game\Game\SoundEngine\SoundEngine.h">
      <Filter>Game\Game\SoundEngine</Filter>
    </ClInclude>
    <ClInclude Include="..\..\MAX\Game\Game\Objects\GameUnitBaseParameters.h">
      <Filter>Game\Game\Objects</Filter>
    </ClInclude>
    <ClInclude Include="..\..\MAX\Game\Game\Objects\GameUnitData.h">
      <Filter>Game\Game\Objects</Filter>
    </ClInclude>
    <ClInclude Include="..\..\MAX\Game\Game\Objects\GameUnitDelegate.h">
      <Filter>Game\Game\Objects</Filter>
    </ClInclude>
    <ClInclude Include="..\..\MAX\Game\Game\Objects\GUClearzoneTask.h">
      <Filter>Game\Game\Objects\Tasks</Filter>
    </ClInclude>
    <ClInclude Include="..\..\MAX\Game\Game\Objects\GUConstructBuildingTask.h">
      <Filter>Game\Game\Objects\Tasks</Filter>
    </ClInclude>
    <ClInclude Include="..\..\MAX\Game\Game\Objects\GUConstructUnitTask.h">
      <Filter>Game\Game\Objects\Tasks</Filter>
    </ClInclude>
    <ClInclude Include="..\..\MAX\Game\Game\Objects\GUTask.h">
      <Filter>Game\Game\Objects\Tasks</Filter>
    </ClInclude>
    <ClInclude Include="..\..\MAX\Game\Game\MAXGameController.h">
      <Filter>Game\Game</Filter>
    </ClInclude>
    <ClInclude Include="..\..\MAX\Game\Game\GameMatch\GameMatchPlayerData.h">
      <Filter>Game\Game\GameMatch</Filter>
    </ClInclude>
    <ClInclude Include="..\..\MAX\Game\Game\GameMatch\GameMatchPlayerDataDelegate.h">
      <Filter>Game\Game\GameMatch</Filter>
    </ClInclude>
    <ClInclude Include="..\..\MAX\Game\Game\Interface\Windows\GIWindow.h">
      <Filter>Game\Game\Interface\Windows</Filter>
    </ClInclude>
    <ClInclude Include="..\..\MAX\Game\Game\Interface\Windows\GIWindowsManager.h">
      <Filter>Game\Game\Interface\Windows</Filter>
    </ClInclude>
    <ClInclude Include="..\..\MAX\Game\Game\Interface\UnitSelectionMenu\GIUnitSelectionMenu.h">
      <Filter>Game\Game\Interface\UnitSelectionMenu</Filter>
    </ClInclude>
    <ClInclude Include="..\..\MAX\Game\Game\Interface\UnitSelectionMenu\GIUnitSelectionMenuDelegate.h">
      <Filter>Game\Game\Interface\UnitSelectionMenu</Filter>
    </ClInclude>
    <ClInclude Include="..\..\MAX\Game\Game\Interface\AgreedTarget\GIAgreedTarget.h">
      <Filter>Game\Game\Interface\AgreedTarget</Filter>
    </ClInclude>
    <ClInclude Include="..\..\MAX\Game\Game\GameMatch\MatchFireAggregator.h">
      <Filter>Game\Game\GameMatch\MatchInformation</Filter>
    </ClInclude>
    <ClInclude Include="..\..\MAX\Game\Game\Objects\GameObjectDelegate.h">
      <Filter>Game\Game\Objects</Filter>
    </ClInclude>
    <ClInclude Include="..\..\MAX\Game\Game\MAXGameInputController.h">
      <Filter>Game\Game</Filter>
    </ClInclude>
    <ClInclude Include="..\..\MAX\Game\Game\MAXGameInputControllerDelegate.h">
      <Filter>Game\Game</Filter>
    </ClInclude>
    <ClInclude Include="..\..\MAX\Game\Game\MainMenu\MainMenu.h">
      <Filter>Game\Game\MainMenu</Filter>
    </ClInclude>
    <ClInclude Include="..\..\MAX\Game\Game\MainMenu\MAXMainMenuController.h">
      <Filter>Game\Game\MainMenu</Filter>
    </ClInclude>
  </ItemGroup>
  <ItemGroup>
    <None Include="iconv.dll">
      <Filter>Файлы ресурсов</Filter>
    </None>
    <None Include="libcocos2d.dll">
      <Filter>Файлы ресурсов</Filter>
    </None>
    <None Include="libcurl.dll">
      <Filter>Файлы ресурсов</Filter>
    </None>
    <None Include="libtiff.dll">
      <Filter>Файлы ресурсов</Filter>
    </None>
    <None Include="libxml2.dll">
      <Filter>Файлы ресурсов</Filter>
    </None>
    <None Include="glew32.dll">
      <Filter>Файлы ресурсов</Filter>
    </None>
    <None Include="pthreadVCE2.dll">
      <Filter>Файлы ресурсов</Filter>
    </None>
    <None Include="zlib1.dll">
      <Filter>Файлы ресурсов</Filter>
    </None>
    <None Include="ClassDiagram1.cd" />
    <None Include="ShaderLine.vsh">
      <Filter>Файлы ресурсов</Filter>
    </None>
    <None Include="ShaderMap.fsh">
      <Filter>Файлы ресурсов</Filter>
    </None>
    <None Include="ShaderMap.vsh">
      <Filter>Файлы ресурсов</Filter>
    </None>
    <None Include="ShaderPostQuad.fsh">
      <Filter>Файлы ресурсов</Filter>
    </None>
    <None Include="ShaderPostQuad.vsh">
      <Filter>Файлы ресурсов</Filter>
    </None>
    <None Include="ShaderUnit.fsh">
      <Filter>Файлы ресурсов</Filter>
    </None>
    <None Include="ShaderUnit.vsh">
      <Filter>Файлы ресурсов</Filter>
    </None>
    <None Include="ShaderBackground.fsh">
      <Filter>Файлы ресурсов</Filter>
    </None>
    <None Include="ShaderBackground.vsh">
      <Filter>Файлы ресурсов</Filter>
    </None>
    <None Include="ShaderLine.fsh">
      <Filter>Файлы ресурсов</Filter>
    </None>
    <None Include="ShaderResourceMap.vsh">
      <Filter>Файлы ресурсов</Filter>
    </None>
    <None Include="ShaderSolidFog.fsh">
      <Filter>Файлы ресурсов</Filter>
    </None>
    <None Include="ShaderSolidFog.vsh">
      <Filter>Файлы ресурсов</Filter>
    </None>
    <None Include="ShaderUnitLow.fsh">
      <Filter>Файлы ресурсов</Filter>
    </None>
    <None Include="ShaderUnitLow.vsh">
      <Filter>Файлы ресурсов</Filter>
    </None>
    <None Include="ShaderResourceMap.fsh">
      <Filter>Файлы ресурсов</Filter>
    </None>
  </ItemGroup>
</Project>